github.com/nanxiaobei/hugo-paper v0.0.0-20240418191407-fce8c82ba99d h1:1Fs5SQrNIHWGX7IRGPfEl/ooXhpOJftXj09snv65gxY=
github.com/nanxiaobei/hugo-paper v0.0.0-20240418191407-fce8c82ba99d/go.mod h1:cS2hTYPgmZ2FkPTQbOiX6vB0yLQcWD067kJx2lkRPVQ=
github.com/vaga/hugo-theme-m10c v0.0.0-20231121023432-ee7cf174616f h1:0/UxKP6wyvpt4+J0Q4DAvqN94yPeJzMH38/ZoL84Phw=
github.com/vaga/hugo-theme-m10c v0.0.0-20231121023432-ee7cf174616f/go.mod h1:3196jMGTXhINTYZ+dXuDt53xvUQovqOj67kuczeXsjU=
